
Microsoft Visual Studio Solution File, Format Version 12.00
# Visual Studio Version 16
VisualStudioVersion = 16.0.29709.97
MinimumVisualStudioVersion = 10.0.40219.1
Project("{9A19103F-16F7-4668-BE54-9A1E7A4F7556}") = "MyFirstBlazorApp", "MyFirstBlazorApp\MyFirstBlazorApp.csproj", "{C68CA023-1FB7-480A-85BC-8CD738A96613}"
EndProject
Project("{FAE04EC0-301F-11D3-BF4B-00C04F79EFBC}") = "eShop.CoreBusiness", "eShop.CoreBusiness\eShop.CoreBusiness.csproj", "{1FB11452-F142-4AA2-A3CC-E0DDEDFE857F}"
EndProject
Project("{FAE04EC0-301F-11D3-BF4B-00C04F79EFBC}") = "eShop.UseCases", "eShop.UseCases\eShop.UseCases.csproj", "{705B25F2-C8FE-4199-88E7-CDD41787EE20}"
EndProject
Project("{FAE04EC0-301F-11D3-BF4B-00C04F79EFBC}") = "eShop.DataStore.HardCoded", "eShop.DataStore.HardCoded\eShop.DataStore.HardCoded.csproj", "{DCC1E65D-A313-445F-BBCF-124A08F40F6E}"
EndProject
Global
	GlobalSection(SolutionConfigurationPlatforms) = preSolution
		Debug|Any CPU = Debug|Any CPU
		Release|Any CPU = Release|Any CPU
	EndGlobalSection
	GlobalSection(ProjectConfigurationPlatforms) = postSolution
		{C68CA023-1FB7-480A-85BC-8CD738A96613}.Debug|Any CPU.ActiveCfg = Debug|Any CPU
		{C68CA023-1FB7-480A-85BC-8CD738A96613}.Debug|Any CPU.Build.0 = Debug|Any CPU
		{C68CA023-1FB7-480A-85BC-8CD738A96613}.Release|Any CPU.ActiveCfg = Release|Any CPU
		{C68CA023-1FB7-480A-85BC-8CD738A96613}.Release|Any CPU.Build.0 = Release|Any CPU
		{1FB11452-F142-4AA2-A3CC-E0DDEDFE857F}.Debug|Any CPU.ActiveCfg = Debug|Any CPU
		{1FB11452-F142-4AA2-A3CC-E0DDEDFE857F}.Debug|Any CPU.Build.0 = Debug|Any CPU
		{1FB11452-F142-4AA2-A3CC-E0DDEDFE857F}.Release|Any CPU.ActiveCfg = Release|Any CPU
		{1FB11452-F142-4AA2-A3CC-E0DDEDFE857F}.Release|Any CPU.Build.0 = Release|Any CPU
		{705B25F2-C8FE-4199-88E7-CDD41787EE20}.Debug|Any CPU.ActiveCfg = Debug|Any CPU
		{705B25F2-C8FE-4199-88E7-CDD41787EE20}.Debug|Any CPU.Build.0 = Debug|Any CPU
		{705B25F2-C8FE-4199-88E7-CDD41787EE20}.Release|Any CPU.ActiveCfg = Release|Any CPU
		{705B25F2-C8FE-4199-88E7-CDD41787EE20}.Release|Any CPU.Build.0 = Release|Any CPU
		{DCC1E65D-A313-445F-BBCF-124A08F40F6E}.Debug|Any CPU.ActiveCfg = Debug|Any CPU
		{DCC1E65D-A313-445F-BBCF-124A08F40F6E}.Debug|Any CPU.Build.0 = Debug|Any CPU
		{DCC1E65D-A313-445F-BBCF-124A08F40F6E}.Release|Any CPU.ActiveCfg = Release|Any CPU
		{DCC1E65D-A313-445F-BBCF-124A08F40F6E}.Release|Any CPU.Build.0 = Release|Any CPU
	EndGlobalSection
	GlobalSection(SolutionProperties) = preSolution
		HideSolutionNode = FALSE
	EndGlobalSection
	GlobalSection(ExtensibilityGlobals) = postSolution
		SolutionGuid = {8982FAE1-1273-4D45-AF7D-F1A678F38F2D}
	EndGlobalSection
EndGlobal
